
Microsoft Visual Studio Solution File, Format Version 12.00
# Visual Studio Version 17
VisualStudioVersion = 17.3.32819.101
MinimumVisualStudioVersion = 10.0.40219.1
Project("{FAE04EC0-301F-11D3-BF4B-00C04F79EFBC}") = "CreditCardRewardsOptimizer", "CreditCardRewardsOptimizer.csproj", "{E1025ED0-2BCB-45FB-98D2-6ECAB643D3D8}"
EndProject
Global
	GlobalSection(SolutionConfigurationPlatforms) = preSolution
		Debug|Any CPU = Debug|Any CPU
		Release|Any CPU = Release|Any CPU
	EndGlobalSection
	GlobalSection(ProjectConfigurationPlatforms) = postSolution
		{E1025ED0-2BCB-45FB-98D2-6ECAB643D3D8}.Debug|Any CPU.ActiveCfg = Debug|Any CPU
		{E1025ED0-2BCB-45FB-98D2-6ECAB643D3D8}.Debug|Any CPU.Build.0 = Debug|Any CPU
		{E1025ED0-2BCB-45FB-98D2-6ECAB643D3D8}.Release|Any CPU.ActiveCfg = Release|Any CPU
		{E1025ED0-2BCB-45FB-98D2-6ECAB643D3D8}.Release|Any CPU.Build.0 = Release|Any CPU
	EndGlobalSection
	GlobalSection(SolutionProperties) = preSolution
		HideSolutionNode = FALSE
	EndGlobalSection
	GlobalSection(ExtensibilityGlobals) = postSolution
		SolutionGuid = {55BB73F8-B055-40D9-9D9C-3F3F9AA8C670}
	EndGlobalSection
EndGlobal
